{
  "name": "napipatrik-discord-bot",
  "version": "2.1.3",
  "lockfileVersion": 3,
  "requires": true,
  "packages": {
    "": {
      "name": "napipatrik-discord-bot",
      "version": "2.1.3",
      "license": "MIT",
      "dependencies": {
        "@ai-sdk/anthropic": "^2.0.40",
        "@ai-sdk/openai": "^2.0.59",
        "@discordjs/builders": "^1.13.0",
        "@discordjs/rest": "^2.6.0",
        "@redis/client": "^5.9.0",
        "ai": "^5.0.86",
        "discord-api-types": "^0.38.31",
        "discord.js": "^14.24.2"
      }
    },
    "node_modules/@ai-sdk/anthropic": {
      "version": "2.0.40",
      "resolved": "https://registry.npmjs.org/@ai-sdk/anthropic/-/anthropic-2.0.40.tgz",
      "integrity": "sha512-aHtqlIIS8lyesSNFxevLGWozCCZ1xQ4Wy2HfQSVVQu3dWtndfPzF6hbWof2Way+qNrvRtjnBpRQyaVeu6Js4pQ==",
      "license": "Apache-2.0",
      "dependencies": {
        "@ai-sdk/provider": "2.0.0",
        "@ai-sdk/provider-utils": "3.0.15"
      },
      "engines": {
        "node": ">=18"
      },
      "peerDependencies": {
        "zod": "^3.25.76 || ^4.1.8"
      }
    },
    "node_modules/@ai-sdk/gateway": {
      "version": "2.0.5",
      "resolved": "https://registry.npmjs.org/@ai-sdk/gateway/-/gateway-2.0.5.tgz",
      "integrity": "sha512-5TTDSl0USWY6YGnb4QmJGplFZhk+p9OT7hZevAaER6OGiZ17LB1GypsGYDpNo/MiVMklk8kX4gk6p1/R/EiJ8Q==",
      "license": "Apache-2.0",
      "dependencies": {
        "@ai-sdk/provider": "2.0.0",
        "@ai-sdk/provider-utils": "3.0.15",
        "@vercel/oidc": "3.0.3"
      },
      "engines": {
        "node": ">=18"
      },
      "peerDependencies": {
        "zod": "^3.25.76 || ^4.1.8"
      }
    },
    "node_modules/@ai-sdk/openai": {
      "version": "2.0.59",
      "resolved": "https://registry.npmjs.org/@ai-sdk/openai/-/openai-2.0.59.tgz",
      "integrity": "sha512-ylaL91BrMyqHsprEI0+brvvGwDjRlKxsJTRL1kpzx6AhG37JqpECQwuqNk7aq+T5Qww9w7dqn1JMUuVPvyZtsA==",
      "license": "Apache-2.0",
      "dependencies": {
        "@ai-sdk/provider": "2.0.0",
        "@ai-sdk/provider-utils": "3.0.15"
      },
      "engines": {
        "node": ">=18"
      },
      "peerDependencies": {
        "zod": "^3.25.76 || ^4.1.8"
      }
    },
    "node_modules/@ai-sdk/provider": {
      "version": "2.0.0",
      "resolved": "https://registry.npmjs.org/@ai-sdk/provider/-/provider-2.0.0.tgz",
      "integrity": "sha512-6o7Y2SeO9vFKB8lArHXehNuusnpddKPk7xqL7T2/b+OvXMRIXUO1rR4wcv1hAFUAT9avGZshty3Wlua/XA7TvA==",
      "license": "Apache-2.0",
      "dependencies": {
        "json-schema": "^0.4.0"
      },
      "engines": {
        "node": ">=18"
      }
    },
    "node_modules/@ai-sdk/provider-utils": {
      "version": "3.0.15",
      "resolved": "https://registry.npmjs.org/@ai-sdk/provider-utils/-/provider-utils-3.0.15.tgz",
      "integrity": "sha512-kOc6Pxb7CsRlNt+sLZKL7/VGQUd7ccl3/tIK+Bqf5/QhHR0Qm3qRBMz1IwU1RmjJEZA73x+KB5cUckbDl2WF7Q==",
      "license": "Apache-2.0",
      "dependencies": {
        "@ai-sdk/provider": "2.0.0",
        "@standard-schema/spec": "^1.0.0",
        "eventsource-parser": "^3.0.6"
      },
      "engines": {
        "node": ">=18"
      },
      "peerDependencies": {
        "zod": "^3.25.76 || ^4.1.8"
      }
    },
    "node_modules/@discordjs/builders": {
      "version": "1.13.0",
      "resolved": "https://registry.npmjs.org/@discordjs/builders/-/builders-1.13.0.tgz",
      "integrity": "sha512-COK0uU6ZaJI+LA67H/rp8IbEkYwlZf3mAoBI5wtPh5G5cbEQGNhVpzINg2f/6+q/YipnNIKy6fJDg6kMUKUw4Q==",
      "license": "Apache-2.0",
      "dependencies": {
        "@discordjs/formatters": "^0.6.1",
        "@discordjs/util": "^1.1.1",
        "@sapphire/shapeshift": "^4.0.0",
        "discord-api-types": "^0.38.31",
        "fast-deep-equal": "^3.1.3",
        "ts-mixer": "^6.0.4",
        "tslib": "^2.6.3"
      },
      "engines": {
        "node": ">=16.11.0"
      },
      "funding": {
        "url": "https://github.com/discordjs/discord.js?sponsor"
      }
    },
    "node_modules/@discordjs/collection": {
      "version": "2.1.1",
      "resolved": "https://registry.npmjs.org/@discordjs/collection/-/collection-2.1.1.tgz",
      "integrity": "sha512-LiSusze9Tc7qF03sLCujF5iZp7K+vRNEDBZ86FT9aQAv3vxMLihUvKvpsCWiQ2DJq1tVckopKm1rxomgNUc9hg==",
      "license": "Apache-2.0",
      "engines": {
        "node": ">=18"
      },
      "funding": {
        "url": "https://github.com/discordjs/discord.js?sponsor"
      }
    },
    "node_modules/@discordjs/formatters": {
      "version": "0.6.1",
      "resolved": "https://registry.npmjs.org/@discordjs/formatters/-/formatters-0.6.1.tgz",
      "integrity": "sha512-5cnX+tASiPCqCWtFcFslxBVUaCetB0thvM/JyavhbXInP1HJIEU+Qv/zMrnuwSsX3yWH2lVXNJZeDK3EiP4HHg==",
      "license": "Apache-2.0",
      "dependencies": {
        "discord-api-types": "^0.38.1"
      },
      "engines": {
        "node": ">=16.11.0"
      },
      "funding": {
        "url": "https://github.com/discordjs/discord.js?sponsor"
      }
    },
    "node_modules/@discordjs/rest": {
      "version": "2.6.0",
      "resolved": "https://registry.npmjs.org/@discordjs/rest/-/rest-2.6.0.tgz",
      "integrity": "sha512-RDYrhmpB7mTvmCKcpj+pc5k7POKszS4E2O9TYc+U+Y4iaCP+r910QdO43qmpOja8LRr1RJ0b3U+CqVsnPqzf4w==",
      "license": "Apache-2.0",
      "dependencies": {
        "@discordjs/collection": "^2.1.1",
        "@discordjs/util": "^1.1.1",
        "@sapphire/async-queue": "^1.5.3",
        "@sapphire/snowflake": "^3.5.3",
        "@vladfrangu/async_event_emitter": "^2.4.6",
        "discord-api-types": "^0.38.16",
        "magic-bytes.js": "^1.10.0",
        "tslib": "^2.6.3",
        "undici": "6.21.3"
      },
      "engines": {
        "node": ">=18"
      },
      "funding": {
        "url": "https://github.com/discordjs/discord.js?sponsor"
      }
    },
    "node_modules/@discordjs/util": {
      "version": "1.1.1",
      "resolved": "https://registry.npmjs.org/@discordjs/util/-/util-1.1.1.tgz",
      "integrity": "sha512-eddz6UnOBEB1oITPinyrB2Pttej49M9FZQY8NxgEvc3tq6ZICZ19m70RsmzRdDHk80O9NoYN/25AqJl8vPVf/g==",
      "license": "Apache-2.0",
      "engines": {
        "node": ">=18"
      },
      "funding": {
        "url": "https://github.com/discordjs/discord.js?sponsor"
      }
    },
    "node_modules/@discordjs/ws": {
      "version": "1.2.3",
      "resolved": "https://registry.npmjs.org/@discordjs/ws/-/ws-1.2.3.tgz",
      "integrity": "sha512-wPlQDxEmlDg5IxhJPuxXr3Vy9AjYq5xCvFWGJyD7w7Np8ZGu+Mc+97LCoEc/+AYCo2IDpKioiH0/c/mj5ZR9Uw==",
      "license": "Apache-2.0",
      "dependencies": {
        "@discordjs/collection": "^2.1.0",
        "@discordjs/rest": "^2.5.1",
        "@discordjs/util": "^1.1.0",
        "@sapphire/async-queue": "^1.5.2",
        "@types/ws": "^8.5.10",
        "@vladfrangu/async_event_emitter": "^2.2.4",
        "discord-api-types": "^0.38.1",
        "tslib": "^2.6.2",
        "ws": "^8.17.0"
      },
      "engines": {
        "node": ">=16.11.0"
      },
      "funding": {
        "url": "https://github.com/discordjs/discord.js?sponsor"
      }
    },
    "node_modules/@opentelemetry/api": {
      "version": "1.9.0",
      "resolved": "https://registry.npmjs.org/@opentelemetry/api/-/api-1.9.0.tgz",
      "integrity": "sha512-3giAOQvZiH5F9bMlMiv8+GSPMeqg0dbaeo58/0SlA9sxSqZhnUtxzX9/2FzyhS9sWQf5S0GJE0AKBrFqjpeYcg==",
      "license": "Apache-2.0",
      "engines": {
        "node": ">=8.0.0"
      }
    },
    "node_modules/@redis/client": {
      "version": "5.9.0",
      "resolved": "https://registry.npmjs.org/@redis/client/-/client-5.9.0.tgz",
      "integrity": "sha512-EI0Ti5pojD2p7TmcS7RRa+AJVahdQvP/urpcSbK/K9Rlk6+dwMJTQ354pCNGCwfke8x4yKr5+iH85wcERSkwLQ==",
      "license": "MIT",
      "dependencies": {
        "cluster-key-slot": "1.1.2"
      },
      "engines": {
        "node": ">= 18"
      }
    },
    "node_modules/@sapphire/async-queue": {
      "version": "1.5.5",
      "resolved": "https://registry.npmjs.org/@sapphire/async-queue/-/async-queue-1.5.5.tgz",
      "integrity": "sha512-cvGzxbba6sav2zZkH8GPf2oGk9yYoD5qrNWdu9fRehifgnFZJMV+nuy2nON2roRO4yQQ+v7MK/Pktl/HgfsUXg==",
      "license": "MIT",
      "engines": {
        "node": ">=v14.0.0",
        "npm": ">=7.0.0"
      }
    },
    "node_modules/@sapphire/shapeshift": {
      "version": "4.0.0",
      "resolved": "https://registry.npmjs.org/@sapphire/shapeshift/-/shapeshift-4.0.0.tgz",
      "integrity": "sha512-d9dUmWVA7MMiKobL3VpLF8P2aeanRTu6ypG2OIaEv/ZHH/SUQ2iHOVyi5wAPjQ+HmnMuL0whK9ez8I/raWbtIg==",
      "license": "MIT",
      "dependencies": {
        "fast-deep-equal": "^3.1.3",
        "lodash": "^4.17.21"
      },
      "engines": {
        "node": ">=v16"
      }
    },
    "node_modules/@sapphire/snowflake": {
      "version": "3.5.5",
      "resolved": "https://registry.npmjs.org/@sapphire/snowflake/-/snowflake-3.5.5.tgz",
      "integrity": "sha512-xzvBr1Q1c4lCe7i6sRnrofxeO1QTP/LKQ6A6qy0iB4x5yfiSfARMEQEghojzTNALDTcv8En04qYNIco9/K9eZQ==",
      "license": "MIT",
      "engines": {
        "node": ">=v14.0.0",
        "npm": ">=7.0.0"
      }
    },
    "node_modules/@standard-schema/spec": {
      "version": "1.0.0",
      "resolved": "https://registry.npmjs.org/@standard-schema/spec/-/spec-1.0.0.tgz",
      "integrity": "sha512-m2bOd0f2RT9k8QJx1JN85cZYyH1RqFBdlwtkSlf4tBDYLCiiZnv1fIIwacK6cqwXavOydf0NPToMQgpKq+dVlA==",
      "license": "MIT"
    },
    "node_modules/@types/node": {
      "version": "24.9.2",
      "resolved": "https://registry.npmjs.org/@types/node/-/node-24.9.2.tgz",
      "integrity": "sha512-uWN8YqxXxqFMX2RqGOrumsKeti4LlmIMIyV0lgut4jx7KQBcBiW6vkDtIBvHnHIquwNfJhk8v2OtmO8zXWHfPA==",
      "license": "MIT",
      "dependencies": {
        "undici-types": "~7.16.0"
      }
    },
    "node_modules/@types/ws": {
      "version": "8.18.1",
      "resolved": "https://registry.npmjs.org/@types/ws/-/ws-8.18.1.tgz",
      "integrity": "sha512-ThVF6DCVhA8kUGy+aazFQ4kXQ7E1Ty7A3ypFOe0IcJV8O/M511G99AW24irKrW56Wt44yG9+ij8FaqoBGkuBXg==",
      "license": "MIT",
      "dependencies": {
        "@types/node": "*"
      }
    },
    "node_modules/@vercel/oidc": {
      "version": "3.0.3",
      "resolved": "https://registry.npmjs.org/@vercel/oidc/-/oidc-3.0.3.tgz",
      "integrity": "sha512-yNEQvPcVrK9sIe637+I0jD6leluPxzwJKx/Haw6F4H77CdDsszUn5V3o96LPziXkSNE2B83+Z3mjqGKBK/R6Gg==",
      "license": "Apache-2.0",
      "engines": {
        "node": ">= 20"
      }
    },
    "node_modules/@vladfrangu/async_event_emitter": {
      "version": "2.4.7",
      "resolved": "https://registry.npmjs.org/@vladfrangu/async_event_emitter/-/async_event_emitter-2.4.7.tgz",
      "integrity": "sha512-Xfe6rpCTxSxfbswi/W/Pz7zp1WWSNn4A0eW4mLkQUewCrXXtMj31lCg+iQyTkh/CkusZSq9eDflu7tjEDXUY6g==",
      "license": "MIT",
      "engines": {
        "node": ">=v14.0.0",
        "npm": ">=7.0.0"
      }
    },
    "node_modules/ai": {
      "version": "5.0.86",
      "resolved": "https://registry.npmjs.org/ai/-/ai-5.0.86.tgz",
      "integrity": "sha512-ooHwNTkLdedFf98iQhtSc5btc/P4UuXuOpYneoifq0190vqosLunNdW8Hs6CiE0Am7YOGNplDK56JIPlHZIL4w==",
      "license": "Apache-2.0",
      "dependencies": {
        "@ai-sdk/gateway": "2.0.5",
        "@ai-sdk/provider": "2.0.0",
        "@ai-sdk/provider-utils": "3.0.15",
        "@opentelemetry/api": "1.9.0"
      },
      "engines": {
        "node": ">=18"
      },
      "peerDependencies": {
        "zod": "^3.25.76 || ^4.1.8"
      }
    },
    "node_modules/cluster-key-slot": {
      "version": "1.1.2",
      "resolved": "https://registry.npmjs.org/cluster-key-slot/-/cluster-key-slot-1.1.2.tgz",
      "integrity": "sha512-RMr0FhtfXemyinomL4hrWcYJxmX6deFdCxpJzhDttxgO1+bcCnkk+9drydLVDmAMG7NE6aN/fl4F7ucU/90gAA==",
      "license": "Apache-2.0",
      "engines": {
        "node": ">=0.10.0"
      }
    },
    "node_modules/discord-api-types": {
      "version": "0.38.31",
      "resolved": "https://registry.npmjs.org/discord-api-types/-/discord-api-types-0.38.31.tgz",
      "integrity": "sha512-kC94ANsk8ackj8ENTuO8joTNEL0KtymVhHy9dyEC/s4QAZ7GCx40dYEzQaadyo8w+oP0X8QydE/nzAWRylTGtQ==",
      "license": "MIT",
      "workspaces": [
        "scripts/actions/documentation"
      ]
    },
    "node_modules/discord.js": {
      "version": "14.24.2",
      "resolved": "https://registry.npmjs.org/discord.js/-/discord.js-14.24.2.tgz",
      "integrity": "sha512-VMEDbmguRdX/EeMaTsf9Mb0IQA90WdYF2cn4QDfslQFXgQ6LFtmlPn0FSotnS0kcFbFp+JBSIxtnF+bnAHG/hQ==",
      "license": "Apache-2.0",
      "dependencies": {
        "@discordjs/builders": "^1.13.0",
        "@discordjs/collection": "1.5.3",
        "@discordjs/formatters": "^0.6.1",
        "@discordjs/rest": "^2.6.0",
        "@discordjs/util": "^1.1.1",
        "@discordjs/ws": "^1.2.3",
        "@sapphire/snowflake": "3.5.3",
        "discord-api-types": "^0.38.31",
        "fast-deep-equal": "3.1.3",
        "lodash.snakecase": "4.1.1",
        "magic-bytes.js": "^1.10.0",
        "tslib": "^2.6.3",
        "undici": "6.21.3"
      },
      "engines": {
        "node": ">=18"
      },
      "funding": {
        "url": "https://github.com/discordjs/discord.js?sponsor"
      }
    },
    "node_modules/discord.js/node_modules/@discordjs/collection": {
      "version": "1.5.3",
      "resolved": "https://registry.npmjs.org/@discordjs/collection/-/collection-1.5.3.tgz",
      "integrity": "sha512-SVb428OMd3WO1paV3rm6tSjM4wC+Kecaa1EUGX7vc6/fddvw/6lg90z4QtCqm21zvVe92vMMDt9+DkIvjXImQQ==",
      "license": "Apache-2.0",
      "engines": {
        "node": ">=16.11.0"
      }
    },
    "node_modules/discord.js/node_modules/@sapphire/snowflake": {
      "version": "3.5.3",
      "resolved": "https://registry.npmjs.org/@sapphire/snowflake/-/snowflake-3.5.3.tgz",
      "integrity": "sha512-jjmJywLAFoWeBi1W7994zZyiNWPIiqRRNAmSERxyg93xRGzNYvGjlZ0gR6x0F4gPRi2+0O6S71kOZYyr3cxaIQ==",
      "license": "MIT",
      "engines": {
        "node": ">=v14.0.0",
        "npm": ">=7.0.0"
      }
    },
    "node_modules/eventsource-parser": {
      "version": "3.0.6",
      "resolved": "https://registry.npmjs.org/eventsource-parser/-/eventsource-parser-3.0.6.tgz",
      "integrity": "sha512-Vo1ab+QXPzZ4tCa8SwIHJFaSzy4R6SHf7BY79rFBDf0idraZWAkYrDjDj8uWaSm3S2TK+hJ7/t1CEmZ7jXw+pg==",
      "license": "MIT",
      "engines": {
        "node": ">=18.0.0"
      }
    },
    "node_modules/fast-deep-equal": {
      "version": "3.1.3",
      "resolved": "https://registry.npmjs.org/fast-deep-equal/-/fast-deep-equal-3.1.3.tgz",
      "integrity": "sha512-f3qQ9oQy9j2AhBe/H9VC91wLmKBCCU/gDOnKNAYG5hswO7BLKj09Hc5HYNz9cGI++xlpDCIgDaitVs03ATR84Q==",
      "license": "MIT"
    },
    "node_modules/json-schema": {
      "version": "0.4.0",
      "resolved": "https://registry.npmjs.org/json-schema/-/json-schema-0.4.0.tgz",
      "integrity": "sha512-es94M3nTIfsEPisRafak+HDLfHXnKBhV3vU5eqPcS3flIWqcxJWgXHXiey3YrpaNsanY5ei1VoYEbOzijuq9BA==",
      "license": "(AFL-2.1 OR BSD-3-Clause)"
    },
    "node_modules/lodash": {
      "version": "4.17.21",
      "resolved": "https://registry.npmjs.org/lodash/-/lodash-4.17.21.tgz",
      "integrity": "sha512-v2kDEe57lecTulaDIuNTPy3Ry4gLGJ6Z1O3vE1krgXZNrsQ+LFTGHVxVjcXPs17LhbZVGedAJv8XZ1tvj5FvSg==",
      "license": "MIT"
    },
    "node_modules/lodash.snakecase": {
      "version": "4.1.1",
      "resolved": "https://registry.npmjs.org/lodash.snakecase/-/lodash.snakecase-4.1.1.tgz",
      "integrity": "sha512-QZ1d4xoBHYUeuouhEq3lk3Uq7ldgyFXGBhg04+oRLnIz8o9T65Eh+8YdroUwn846zchkA9yDsDl5CVVaV2nqYw==",
      "license": "MIT"
    },
    "node_modules/magic-bytes.js": {
      "version": "1.12.1",
      "resolved": "https://registry.npmjs.org/magic-bytes.js/-/magic-bytes.js-1.12.1.tgz",
      "integrity": "sha512-ThQLOhN86ZkJ7qemtVRGYM+gRgR8GEXNli9H/PMvpnZsE44Xfh3wx9kGJaldg314v85m+bFW6WBMaVHJc/c3zA==",
      "license": "MIT"
    },
    "node_modules/ts-mixer": {
      "version": "6.0.4",
      "resolved": "https://registry.npmjs.org/ts-mixer/-/ts-mixer-6.0.4.tgz",
      "integrity": "sha512-ufKpbmrugz5Aou4wcr5Wc1UUFWOLhq+Fm6qa6P0w0K5Qw2yhaUoiWszhCVuNQyNwrlGiscHOmqYoAox1PtvgjA==",
      "license": "MIT"
    },
    "node_modules/tslib": {
      "version": "2.8.1",
      "resolved": "https://registry.npmjs.org/tslib/-/tslib-2.8.1.tgz",
      "integrity": "sha512-oJFu94HQb+KVduSUQL7wnpmqnfmLsOA/nAh6b6EH0wCEoK0/mPeXU6c3wKDV83MkOuHPRHtSXKKU99IBazS/2w==",
      "license": "0BSD"
    },
    "node_modules/undici": {
      "version": "6.21.3",
      "resolved": "https://registry.npmjs.org/undici/-/undici-6.21.3.tgz",
      "integrity": "sha512-gBLkYIlEnSp8pFbT64yFgGE6UIB9tAkhukC23PmMDCe5Nd+cRqKxSjw5y54MK2AZMgZfJWMaNE4nYUHgi1XEOw==",
      "license": "MIT",
      "engines": {
        "node": ">=18.17"
      }
    },
    "node_modules/undici-types": {
      "version": "7.16.0",
      "resolved": "https://registry.npmjs.org/undici-types/-/undici-types-7.16.0.tgz",
      "integrity": "sha512-Zz+aZWSj8LE6zoxD+xrjh4VfkIG8Ya6LvYkZqtUQGJPZjYl53ypCaUwWqo7eI0x66KBGeRo+mlBEkMSeSZ38Nw==",
      "license": "MIT"
    },
    "node_modules/ws": {
      "version": "8.18.3",
      "resolved": "https://registry.npmjs.org/ws/-/ws-8.18.3.tgz",
      "integrity": "sha512-PEIGCY5tSlUt50cqyMXfCzX+oOPqN0vuGqWzbcJ2xvnkzkq46oOpz7dQaTDBdfICb4N14+GARUDw2XV2N4tvzg==",
      "license": "MIT",
      "engines": {
        "node": ">=10.0.0"
      },
      "peerDependencies": {
        "bufferutil": "^4.0.1",
        "utf-8-validate": ">=5.0.2"
      },
      "peerDependenciesMeta": {
        "bufferutil": {
          "optional": true
        },
        "utf-8-validate": {
          "optional": true
        }
      }
    },
    "node_modules/zod": {
      "version": "4.1.12",
      "resolved": "https://registry.npmjs.org/zod/-/zod-4.1.12.tgz",
      "integrity": "sha512-JInaHOamG8pt5+Ey8kGmdcAcg3OL9reK8ltczgHTAwNhMys/6ThXHityHxVV2p3fkw/c+MAvBHFVYHFZDmjMCQ==",
      "license": "MIT",
      "peer": true,
      "funding": {
        "url": "https://github.com/sponsors/colinhacks"
      }
    }
  }
}
